
Microsoft Visual Studio Solution File, Format Version 12.00
Project("{FAE04EC0-301F-11D3-BF4B-00C04F79EFBC}") = "group_11_assignment6", "group_11_assignment6.csproj", "{81C1F769-7A3F-4B79-A39C-D0CDFBB6D47E}"
EndProject
Global
	GlobalSection(SolutionConfigurationPlatforms) = preSolution
		Debug|Any CPU = Debug|Any CPU
		Release|Any CPU = Release|Any CPU
	EndGlobalSection
	GlobalSection(ProjectConfigurationPlatforms) = postSolution
		{81C1F769-7A3F-4B79-A39C-D0CDFBB6D47E}.Debug|Any CPU.ActiveCfg = Debug|Any CPU
		{81C1F769-7A3F-4B79-A39C-D0CDFBB6D47E}.Debug|Any CPU.Build.0 = Debug|Any CPU
		{81C1F769-7A3F-4B79-A39C-D0CDFBB6D47E}.Release|Any CPU.ActiveCfg = Release|Any CPU
		{81C1F769-7A3F-4B79-A39C-D0CDFBB6D47E}.Release|Any CPU.Build.0 = Release|Any CPU
	EndGlobalSection
EndGlobal
